// !$*UTF8*$!
{
	archiveVersion = 1;
	classes = {
	};
	objectVersion = 46;
	objects = {

/* Begin PBXBuildFile section */
		F18D5A4F1C63E02F00D4A330 /* main.m in Sources */ = {isa = PBXBuildFile; fileRef = F18D5A4E1C63E02F00D4A330 /* main.m */; };
		F18D5A521C63E02F00D4A330 /* AppDelegate.m in Sources */ = {isa = PBXBuildFile; fileRef = F18D5A511C63E02F00D4A330 /* AppDelegate.m */; };
		F18D5A551C63E02F00D4A330 /* ViewController.m in Sources */ = {isa = PBXBuildFile; fileRef = F18D5A541C63E02F00D4A330 /* ViewController.m */; };
		F18D5A581C63E02F00D4A330 /* Main.storyboard in Resources */ = {isa = PBXBuildFile; fileRef = F18D5A561C63E02F00D4A330 /* Main.storyboard */; };
		F18D5A5A1C63E02F00D4A330 /* Assets.xcassets in Resources */ = {isa = PBXBuildFile; fileRef = F18D5A591C63E02F00D4A330 /* Assets.xcassets */; };
		F18D5A5D1C63E02F00D4A330 /* LaunchScreen.storyboard in Resources */ = {isa = PBXBuildFile; fileRef = F18D5A5B1C63E02F00D4A330 /* LaunchScreen.storyboard */; };
		F18D5A681C63E02F00D4A330 /* Billion_Oyster_AppTests.m in Sources */ = {isa = PBXBuildFile; fileRef = F18D5A671C63E02F00D4A330 /* Billion_Oyster_AppTests.m */; };
		F18D5A731C63E02F00D4A330 /* Billion_Oyster_AppUITests.m in Sources */ = {isa = PBXBuildFile; fileRef = F18D5A721C63E02F00D4A330 /* Billion_Oyster_AppUITests.m */; };
/* End PBXBuildFile section */

/* Begin PBXContainerItemProxy section */
		F18D5A641C63E02F00D4A330 /* PBXContainerItemProxy */ = {
			isa = PBXContainerItemProxy;
			containerPortal = F18D5A421C63E02F00D4A330 /* Project object */;
			proxyType = 1;
			remoteGlobalIDString = F18D5A491C63E02F00D4A330;
			remoteInfo = "Billion Oyster App";
		};
		F18D5A6F1C63E02F00D4A330 /* PBXContainerItemProxy */ = {
			isa = PBXContainerItemProxy;
			containerPortal = F18D5A421C63E02F00D4A330 /* Project object */;
			proxyType = 1;
			remoteGlobalIDString = F18D5A491C63E02F00D4A330;
			remoteInfo = "Billion Oyster App";
		};
/* End PBXContainerItemProxy section */

/* Begin PBXFileReference section */
		F18D5A4A1C63E02F00D4A330 /* Billion Oyster App.app */ = {isa = PBXFileReference; explicitFileType = wrapper.application; includeInIndex = 0; path = "Billion Oyster App.app"; sourceTree = BUILT_PRODUCTS_DIR; };
		F18D5A4E1C63E02F00D4A330 /* main.m */ = {isa = PBXFileReference; lastKnownFileType = sourcecode.c.objc; path = main.m; sourceTree = "<group>"; };
		F18D5A501C63E02F00D4A330 /* AppDelegate.h */ = {isa = PBXFileReference; lastKnownFileType = sourcecode.c.h; path = AppDelegate.h; sourceTree = "<group>"; };
		F18D5A511C63E02F00D4A330 /* AppDelegate.m */ = {isa = PBXFileReference; lastKnownFileType = sourcecode.c.objc; path = AppDelegate.m; sourceTree = "<group>"; };
		F18D5A531C63E02F00D4A330 /* ViewController.h */ = {isa = PBXFileReference; lastKnownFileType = sourcecode.c.h; path = ViewController.h; sourceTree = "<group>"; };
		F18D5A541C63E02F00D4A330 /* ViewController.m */ = {isa = PBXFileReference; lastKnownFileType = sourcecode.c.objc; path = ViewController.m; sourceTree = "<group>"; };
		F18D5A571C63E02F00D4A330 /* Base */ = {isa = PBXFileReference; lastKnownFileType = file.storyboard; name = Base; path = Base.lproj/Main.storyboard; sourceTree = "<group>"; };
		F18D5A591C63E02F00D4A330 /* Assets.xcassets */ = {isa = PBXFileReference; lastKnownFileType = folder.assetcatalog; path = Assets.xcassets; sourceTree = "<group>"; };
		F18D5A5C1C63E02F00D4A330 /* Base */ = {isa = PBXFileReference; lastKnownFileType = file.storyboard; name = Base; path = Base.lproj/LaunchScreen.storyboard; sourceTree = "<group>"; };
		F18D5A5E1C63E02F00D4A330 /* Info.plist */ = {isa = PBXFileReference; lastKnownFileType = text.plist.xml; path = Info.plist; sourceTree = "<group>"; };
		F18D5A631C63E02F00D4A330 /* Billion Oyster AppTests.xctest */ = {isa = PBXFileReference; explicitFileType = wrapper.cfbundle; includeInIndex = 0; path = "Billion Oyster AppTests.xctest"; sourceTree = BUILT_PRODUCTS_DIR; };
		F18D5A671C63E02F00D4A330 /* Billion_Oyster_AppTests.m */ = {isa = PBXFileReference; lastKnownFileType = sourcecode.c.objc; path = Billion_Oyster_AppTests.m; sourceTree = "<group>"; };
		F18D5A691C63E02F00D4A330 /* Info.plist */ = {isa = PBXFileReference; lastKnownFileType = text.plist.xml; path = Info.plist; sourceTree = "<group>"; };
		F18D5A6E1C63E02F00D4A330 /* Billion Oyster AppUITests.xctest */ = {isa = PBXFileReference; explicitFileType = wrapper.cfbundle; includeInIndex = 0; path = "Billion Oyster AppUITests.xctest"; sourceTree = BUILT_PRODUCTS_DIR; };
		F18D5A721C63E02F00D4A330 /* Billion_Oyster_AppUITests.m */ = {isa = PBXFileReference; lastKnownFileType = sourcecode.c.objc; path = Billion_Oyster_AppUITests.m; sourceTree = "<group>"; };
		F18D5A741C63E02F00D4A330 /* Info.plist */ = {isa = PBXFileReference; lastKnownFileType = text.plist.xml; path = Info.plist; sourceTree = "<group>"; };
/* End PBXFileReference section */

/* Begin PBXFrameworksBuildPhase section */
		F18D5A471C63E02F00D4A330 /* Frameworks */ = {
			isa = PBXFrameworksBuildPhase;
			buildActionMask = 2147483647;
			files = (
			);
			runOnlyForDeploymentPostprocessing = 0;
		};
		F18D5A601C63E02F00D4A330 /* Frameworks */ = {
			isa = PBXFrameworksBuildPhase;
			buildActionMask = 2147483647;
			files = (
			);
			runOnlyForDeploymentPostprocessing = 0;
		};
		F18D5A6B1C63E02F00D4A330 /* Frameworks */ = {
			isa = PBXFrameworksBuildPhase;
			buildActionMask = 2147483647;
			files = (
			);
			runOnlyForDeploymentPostprocessing = 0;
		};
/* End PBXFrameworksBuildPhase section */

/* Begin PBXGroup section */
		F18D5A411C63E02F00D4A330 = {
			isa = PBXGroup;
			children = (
				F18D5A4C1C63E02F00D4A330 /* Billion Oyster App */,
				F18D5A661C63E02F00D4A330 /* Billion Oyster AppTests */,
				F18D5A711C63E02F00D4A330 /* Billion Oyster AppUITests */,
				F18D5A4B1C63E02F00D4A330 /* Products */,
			);
			sourceTree = "<group>";
		};
		F18D5A4B1C63E02F00D4A330 /* Products */ = {
			isa = PBXGroup;
			children = (
				F18D5A4A1C63E02F00D4A330 /* Billion Oyster App.app */,
				F18D5A631C63E02F00D4A330 /* Billion Oyster AppTests.xctest */,
				F18D5A6E1C63E02F00D4A330 /* Billion Oyster AppUITests.xctest */,
			);
			name = Products;
			sourceTree = "<group>";
		};
		F18D5A4C1C63E02F00D4A330 /* Billion Oyster App */ = {
			isa = PBXGroup;
			children = (
				F18D5A501C63E02F00D4A330 /* AppDelegate.h */,
				F18D5A511C63E02F00D4A330 /* AppDelegate.m */,
				F18D5A531C63E02F00D4A330 /* ViewController.h */,
				F18D5A541C63E02F00D4A330 /* ViewController.m */,
				F18D5A561C63E02F00D4A330 /* Main.storyboard */,
				F18D5A591C63E02F00D4A330 /* Assets.xcassets */,
				F18D5A5B1C63E02F00D4A330 /* LaunchScreen.storyboard */,
				F18D5A5E1C63E02F00D4A330 /* Info.plist */,
				F18D5A4D1C63E02F00D4A330 /* Supporting Files */,
			);
			path = "Billion Oyster App";
			sourceTree = "<group>";
		};
		F18D5A4D1C63E02F00D4A330 /* Supporting Files */ = {
			isa = PBXGroup;
			children = (
				F18D5A4E1C63E02F00D4A330 /* main.m */,
			);
			name = "Supporting Files";
			sourceTree = "<group>";
		};
		F18D5A661C63E02F00D4A330 /* Billion Oyster AppTests */ = {
			isa = PBXGroup;
			children = (
				F18D5A671C63E02F00D4A330 /* Billion_Oyster_AppTests.m */,
				F18D5A691C63E02F00D4A330 /* Info.plist */,
			);
			path = "Billion Oyster AppTests";
			sourceTree = "<group>";
		};
		F18D5A711C63E02F00D4A330 /* Billion Oyster AppUITests */ = {
			isa = PBXGroup;
			children = (
				F18D5A721C63E02F00D4A330 /* Billion_Oyster_AppUITests.m */,
				F18D5A741C63E02F00D4A330 /* Info.plist */,
			);
			path = "Billion Oyster AppUITests";
			sourceTree = "<group>";
		};
/* End PBXGroup section */

/* Begin PBXNativeTarget section */
		F18D5A491C63E02F00D4A330 /* Billion Oyster App */ = {
			isa = PBXNativeTarget;
			buildConfigurationList = F18D5A771C63E02F00D4A330 /* Build configuration list for PBXNativeTarget "Billion Oyster App" */;
			buildPhases = (
				F18D5A461C63E02F00D4A330 /* Sources */,
				F18D5A471C63E02F00D4A330 /* Frameworks */,
				F18D5A481C63E02F00D4A330 /* Resources */,
			);
			buildRules = (
			);
			dependencies = (
			);
			name = "Billion Oyster App";
			productName = "Billion Oyster App";
			productReference = F18D5A4A1C63E02F00D4A330 /* Billion Oyster App.app */;
			productType = "com.apple.product-type.application";
		};
		F18D5A621C63E02F00D4A330 /* Billion Oyster AppTests */ = {
			isa = PBXNativeTarget;
			buildConfigurationList = F18D5A7A1C63E02F00D4A330 /* Build configuration list for PBXNativeTarget "Billion Oyster AppTests" */;
			buildPhases = (
				F18D5A5F1C63E02F00D4A330 /* Sources */,
				F18D5A601C63E02F00D4A330 /* Frameworks */,
				F18D5A611C63E02F00D4A330 /* Resources */,
			);
			buildRules = (
			);
			dependencies = (
				F18D5A651C63E02F00D4A330 /* PBXTargetDependency */,
			);
			name = "Billion Oyster AppTests";
			productName = "Billion Oyster AppTests";
			productReference = F18D5A631C63E02F00D4A330 /* Billion Oyster AppTests.xctest */;
			productType = "com.apple.product-type.bundle.unit-test";
		};
		F18D5A6D1C63E02F00D4A330 /* Billion Oyster AppUITests */ = {
			isa = PBXNativeTarget;
			buildConfigurationList = F18D5A7D1C63E02F00D4A330 /* Build configuration list for PBXNativeTarget "Billion Oyster AppUITests" */;
			buildPhases = (
				F18D5A6A1C63E02F00D4A330 /* Sources */,
				F18D5A6B1C63E02F00D4A330 /* Frameworks */,
				F18D5A6C1C63E02F00D4A330 /* Resources */,
			);
			buildRules = (
			);
			dependencies = (
				F18D5A701C63E02F00D4A330 /* PBXTargetDependency */,
			);
			name = "Billion Oyster AppUITests";
			productName = "Billion Oyster AppUITests";
			productReference = F18D5A6E1C63E02F00D4A330 /* Billion Oyster AppUITests.xctest */;
			productType = "com.apple.product-type.bundle.ui-testing";
		};
/* End PBXNativeTarget section */

/* Begin PBXProject section */
		F18D5A421C63E02F00D4A330 /* Project object */ = {
			isa = PBXProject;
			attributes = {
				LastUpgradeCheck = 0720;
				ORGANIZATIONNAME = Nathaniel;
				TargetAttributes = {
					F18D5A491C63E02F00D4A330 = {
						CreatedOnToolsVersion = 7.2;
					};
					F18D5A621C63E02F00D4A330 = {
						CreatedOnToolsVersion = 7.2;
						TestTargetID = F18D5A491C63E02F00D4A330;
					};
					F18D5A6D1C63E02F00D4A330 = {
						CreatedOnToolsVersion = 7.2;
						TestTargetID = F18D5A491C63E02F00D4A330;
					};
				};
			};
			buildConfigurationList = F18D5A451C63E02F00D4A330 /* Build configuration list for PBXProject "Billion Oyster App" */;
			compatibilityVersion = "Xcode 3.2";
			developmentRegion = English;
			hasScannedForEncodings = 0;
			knownRegions = (
				en,
				Base,
			);
			mainGroup = F18D5A411C63E02F00D4A330;
			productRefGroup = F18D5A4B1C63E02F00D4A330 /* Products */;
			projectDirPath = "";
			projectRoot = "";
			targets = (
				F18D5A491C63E02F00D4A330 /* Billion Oyster App */,
				F18D5A621C63E02F00D4A330 /* Billion Oyster AppTests */,
				F18D5A6D1C63E02F00D4A330 /* Billion Oyster AppUITests */,
			);
		};
/* End PBXProject section */

/* Begin PBXResourcesBuildPhase section */
		F18D5A481C63E02F00D4A330 /* Resources */ = {
			isa = PBXResourcesBuildPhase;
			buildActionMask = 2147483647;
			files = (
				F18D5A5D1C63E02F00D4A330 /* LaunchScreen.storyboard in Resources */,
				F18D5A5A1C63E02F00D4A330 /* Assets.xcassets in Resources */,
				F18D5A581C63E02F00D4A330 /* Main.storyboard in Resources */,
			);
			runOnlyForDeploymentPostprocessing = 0;
		};
		F18D5A611C63E02F00D4A330 /* Resources */ = {
			isa = PBXResourcesBuildPhase;
			buildActionMask = 2147483647;
			files = (
			);
			runOnlyForDeploymentPostprocessing = 0;
		};
		F18D5A6C1C63E02F00D4A330 /* Resources */ = {
			isa = PBXResourcesBuildPhase;
			buildActionMask = 2147483647;
			files = (
			);
			runOnlyForDeploymentPostprocessing = 0;
		};
/* End PBXResourcesBuildPhase section */

/* Begin PBXSourcesBuildPhase section */
		F18D5A461C63E02F00D4A330 /* Sources */ = {
			isa = PBXSourcesBuildPhase;
			buildActionMask = 2147483647;
			files = (
				F18D5A551C63E02F00D4A330 /* ViewController.m in Sources */,
				F18D5A521C63E02F00D4A330 /* AppDelegate.m in Sources */,
				F18D5A4F1C63E02F00D4A330 /* main.m in Sources */,
			);
			runOnlyForDeploymentPostprocessing = 0;
		};
		F18D5A5F1C63E02F00D4A330 /* Sources */ = {
			isa = PBXSourcesBuildPhase;
			buildActionMask = 2147483647;
			files = (
				F18D5A681C63E02F00D4A330 /* Billion_Oyster_AppTests.m in Sources */,
			);
			runOnlyForDeploymentPostprocessing = 0;
		};
		F18D5A6A1C63E02F00D4A330 /* Sources */ = {
			isa = PBXSourcesBuildPhase;
			buildActionMask = 2147483647;
			files = (
				F18D5A731C63E02F00D4A330 /* Billion_Oyster_AppUITests.m in Sources */,
			);
			runOnlyForDeploymentPostprocessing = 0;
		};
/* End PBXSourcesBuildPhase section */

/* Begin PBXTargetDependency section */
		F18D5A651C63E02F00D4A330 /* PBXTargetDependency */ = {
			isa = PBXTargetDependency;
			target = F18D5A491C63E02F00D4A330 /* Billion Oyster App */;
			targetProxy = F18D5A641C63E02F00D4A330 /* PBXContainerItemProxy */;
		};
		F18D5A701C63E02F00D4A330 /* PBXTargetDependency */ = {
			isa = PBXTargetDependency;
			target = F18D5A491C63E02F00D4A330 /* Billion Oyster App */;
			targetProxy = F18D5A6F1C63E02F00D4A330 /* PBXContainerItemProxy */;
		};
/* End PBXTargetDependency section */

/* Begin PBXVariantGroup section */
		F18D5A561C63E02F00D4A330 /* Main.storyboard */ = {
			isa = PBXVariantGroup;
			children = (
				F18D5A571C63E02F00D4A330 /* Base */,
			);
			name = Main.storyboard;
			sourceTree = "<group>";
		};
		F18D5A5B1C63E02F00D4A330 /* LaunchScreen.storyboard */ = {
			isa = PBXVariantGroup;
			children = (
				F18D5A5C1C63E02F00D4A330 /* Base */,
			);
			name = LaunchScreen.storyboard;
			sourceTree = "<group>";
		};
/* End PBXVariantGroup section */

/* Begin XCBuildConfiguration section */
		F18D5A751C63E02F00D4A330 /* Debug */ = {
			isa = XCBuildConfiguration;
			buildSettings = {
				ALWAYS_SEARCH_USER_PATHS = NO;
				CLANG_CXX_LANGUAGE_STANDARD = "gnu++0x";
				CLANG_CXX_LIBRARY = "libc++";
				CLANG_ENABLE_MODULES = YES;
				CLANG_ENABLE_OBJC_ARC = YES;
				CLANG_WARN_BOOL_CONVERSION = YES;
				CLANG_WARN_CONSTANT_CONVERSION = YES;
				CLANG_WARN_DIRECT_OBJC_ISA_USAGE = YES_ERROR;
				CLANG_WARN_EMPTY_BODY = YES;
				CLANG_WARN_ENUM_CONVERSION = YES;
				CLANG_WARN_INT_CONVERSION = YES;
				CLANG_WARN_OBJC_ROOT_CLASS = YES_ERROR;
				CLANG_WARN_UNREACHABLE_CODE = YES;
				CLANG_WARN__DUPLICATE_METHOD_MATCH = YES;
				"CODE_SIGN_IDENTITY[sdk=iphoneos*]" = "iPhone Developer";
				COPY_PHASE_STRIP = NO;
				DEBUG_INFORMATION_FORMAT = dwarf;
				ENABLE_STRICT_OBJC_MSGSEND = YES;
				ENABLE_TESTABILITY = YES;
				GCC_C_LANGUAGE_STANDARD = gnu99;
				GCC_DYNAMIC_NO_PIC = NO;
				GCC_NO_COMMON_BLOCKS = YES;
				GCC_OPTIMIZATION_LEVEL = 0;
				GCC_PREPROCESSOR_DEFINITIONS = (
					"DEBUG=1",
					"$(inherited)",
				);
				GCC_WARN_64_TO_32_BIT_CONVERSION = YES;
				GCC_WARN_ABOUT_RETURN_TYPE = YES_ERROR;
				GCC_WARN_UNDECLARED_SELECTOR = YES;
				GCC_WARN_UNINITIALIZED_AUTOS = YES_AGGRESSIVE;
				GCC_WARN_UNUSED_FUNCTION = YES;
				GCC_WARN_UNUSED_VARIABLE = YES;
				IPHONEOS_DEPLOYMENT_TARGET = 9.2;
				MTL_ENABLE_DEBUG_INFO = YES;
				ONLY_ACTIVE_ARCH = YES;
				SDKROOT = iphoneos;
				TARGETED_DEVICE_FAMILY = "1,2";
			};
			name = Debug;
		};
		F18D5A761C63E02F00D4A330 /* Release */ = {
			isa = XCBuildConfiguration;
			buildSettings = {
				ALWAYS_SEARCH_USER_PATHS = NO;
				CLANG_CXX_LANGUAGE_STANDARD = "gnu++0x";
				CLANG_CXX_LIBRARY = "libc++";
				CLANG_ENABLE_MODULES = YES;
				CLANG_ENABLE_OBJC_ARC = YES;
				CLANG_WARN_BOOL_CONVERSION = YES;
				CLANG_WARN_CONSTANT_CONVERSION = YES;
				CLANG_WARN_DIRECT_OBJC_ISA_USAGE = YES_ERROR;
				CLANG_WARN_EMPTY_BODY = YES;
				CLANG_WARN_ENUM_CONVERSION = YES;
				CLANG_WARN_INT_CONVERSION = YES;
				CLANG_WARN_OBJC_ROOT_CLASS = YES_ERROR;
				CLANG_WARN_UNREACHABLE_CODE = YES;
				CLANG_WARN__DUPLICATE_METHOD_MATCH = YES;
				"CODE_SIGN_IDENTITY[sdk=iphoneos*]" = "iPhone Developer";
				COPY_PHASE_STRIP = NO;
				DEBUG_INFORMATION_FORMAT = "dwarf-with-dsym";
				ENABLE_NS_ASSERTIONS = NO;
				ENABLE_STRICT_OBJC_MSGSEND = YES;
				GCC_C_LANGUAGE_STANDARD = gnu99;
				GCC_NO_COMMON_BLOCKS = YES;
				GCC_WARN_64_TO_32_BIT_CONVERSION = YES;
				GCC_WARN_ABOUT_RETURN_TYPE = YES_ERROR;
				GCC_WARN_UNDECLARED_SELECTOR = YES;
				GCC_WARN_UNINITIALIZED_AUTOS = YES_AGGRESSIVE;
				GCC_WARN_UNUSED_FUNCTION = YES;
				GCC_WARN_UNUSED_VARIABLE = YES;
				IPHONEOS_DEPLOYMENT_TARGET = 9.2;
				MTL_ENABLE_DEBUG_INFO = NO;
				SDKROOT = iphoneos;
				TARGETED_DEVICE_FAMILY = "1,2";
				VALIDATE_PRODUCT = YES;
			};
			name = Release;
		};
		F18D5A781C63E02F00D4A330 /* Debug */ = {
			isa = XCBuildConfiguration;
			buildSettings = {
				ASSETCATALOG_COMPILER_APPICON_NAME = AppIcon;
				INFOPLIST_FILE = "Billion Oyster App/Info.plist";
				LD_RUNPATH_SEARCH_PATHS = "$(inherited) @executable_path/Frameworks";
				PRODUCT_BUNDLE_IDENTIFIER = "algorhythms.Billion-Oyster-App";
				PRODUCT_NAME = "$(TARGET_NAME)";
			};
			name = Debug;
		};
		F18D5A791C63E02F00D4A330 /* Release */ = {
			isa = XCBuildConfiguration;
			buildSettings = {
				ASSETCATALOG_COMPILER_APPICON_NAME = AppIcon;
				INFOPLIST_FILE = "Billion Oyster App/Info.plist";
				LD_RUNPATH_SEARCH_PATHS = "$(inherited) @executable_path/Frameworks";
				PRODUCT_BUNDLE_IDENTIFIER = "algorhythms.Billion-Oyster-App";
				PRODUCT_NAME = "$(TARGET_NAME)";
			};
			name = Release;
		};
		F18D5A7B1C63E02F00D4A330 /* Debug */ = {
			isa = XCBuildConfiguration;
			buildSettings = {
				BUNDLE_LOADER = "$(TEST_HOST)";
				INFOPLIST_FILE = "Billion Oyster AppTests/Info.plist";
				LD_RUNPATH_SEARCH_PATHS = "$(inherited) @executable_path/Frameworks @loader_path/Frameworks";
				PRODUCT_BUNDLE_IDENTIFIER = "algorhythms.Billion-Oyster-AppTests";
				PRODUCT_NAME = "$(TARGET_NAME)";
				TEST_HOST = "$(BUILT_PRODUCTS_DIR)/Billion Oyster App.app/Billion Oyster App";
			};
			name = Debug;
		};
		F18D5A7C1C63E02F00D4A330 /* Release */ = {
			isa = XCBuildConfiguration;
			buildSettings = {
				BUNDLE_LOADER = "$(TEST_HOST)";
				INFOPLIST_FILE = "Billion Oyster AppTests/Info.plist";
				LD_RUNPATH_SEARCH_PATHS = "$(inherited) @executable_path/Frameworks @loader_path/Frameworks";
				PRODUCT_BUNDLE_IDENTIFIER = "algorhythms.Billion-Oyster-AppTests";
				PRODUCT_NAME = "$(TARGET_NAME)";
				TEST_HOST = "$(BUILT_PRODUCTS_DIR)/Billion Oyster App.app/Billion Oyster App";
			};
			name = Release;
		};
		F18D5A7E1C63E02F00D4A330 /* Debug */ = {
			isa = XCBuildConfiguration;
			buildSettings = {
				INFOPLIST_FILE = "Billion Oyster AppUITests/Info.plist";
				LD_RUNPATH_SEARCH_PATHS = "$(inherited) @executable_path/Frameworks @loader_path/Frameworks";
				PRODUCT_BUNDLE_IDENTIFIER = "algorhythms.Billion-Oyster-AppUITests";
				PRODUCT_NAME = "$(TARGET_NAME)";
				TEST_TARGET_NAME = "Billion Oyster App";
				USES_XCTRUNNER = YES;
			};
			name = Debug;
		};
		F18D5A7F1C63E02F00D4A330 /* Release */ = {
			isa = XCBuildConfiguration;
			buildSettings = {
				INFOPLIST_FILE = "Billion Oyster AppUITests/Info.plist";
				LD_RUNPATH_SEARCH_PATHS = "$(inherited) @executable_path/Frameworks @loader_path/Frameworks";
				PRODUCT_BUNDLE_IDENTIFIER = "algorhythms.Billion-Oyster-AppUITests";
				PRODUCT_NAME = "$(TARGET_NAME)";
				TEST_TARGET_NAME = "Billion Oyster App";
				USES_XCTRUNNER = YES;
			};
			name = Release;
		};
/* End XCBuildConfiguration section */

/* Begin XCConfigurationList section */
		F18D5A451C63E02F00D4A330 /* Build configuration list for PBXProject "Billion Oyster App" */ = {
			isa = XCConfigurationList;
			buildConfigurations = (
				F18D5A751C63E02F00D4A330 /* Debug */,
				F18D5A761C63E02F00D4A330 /* Release */,
			);
			defaultConfigurationIsVisible = 0;
			defaultConfigurationName = Release;
		};
		F18D5A771C63E02F00D4A330 /* Build configuration list for PBXNativeTarget "Billion Oyster App" */ = {
			isa = XCConfigurationList;
			buildConfigurations = (
				F18D5A781C63E02F00D4A330 /* Debug */,
				F18D5A791C63E02F00D4A330 /* Release */,
			);
			defaultConfigurationIsVisible = 0;
		};
		F18D5A7A1C63E02F00D4A330 /* Build configuration list for PBXNativeTarget "Billion Oyster AppTests" */ = {
			isa = XCConfigurationList;
			buildConfigurations = (
				F18D5A7B1C63E02F00D4A330 /* Debug */,
				F18D5A7C1C63E02F00D4A330 /* Release */,
			);
			defaultConfigurationIsVisible = 0;
		};
		F18D5A7D1C63E02F00D4A330 /* Build configuration list for PBXNativeTarget "Billion Oyster AppUITests" */ = {
			isa = XCConfigurationList;
			buildConfigurations = (
				F18D5A7E1C63E02F00D4A330 /* Debug */,
				F18D5A7F1C63E02F00D4A330 /* Release */,
			);
			defaultConfigurationIsVisible = 0;
		};
/* End XCConfigurationList section */
	};
	rootObject = F18D5A421C63E02F00D4A330 /* Project object */;
}
